
Microsoft Visual Studio Solution File, Format Version 12.00
# Visual Studio Version 17
VisualStudioVersion = 17.10.34916.146
MinimumVisualStudioVersion = 10.0.40219.1
Project("{FAE04EC0-301F-11D3-BF4B-00C04F79EFBC}") = "WebScraper", "WebScraper.csproj", "{EE0B4A0B-B539-406F-A958-F4AEF0F48BB8}"
EndProject
Global
	GlobalSection(SolutionConfigurationPlatforms) = preSolution
		Debug|Any CPU = Debug|Any CPU
		Release|Any CPU = Release|Any CPU
	EndGlobalSection
	GlobalSection(ProjectConfigurationPlatforms) = postSolution
		{EE0B4A0B-B539-406F-A958-F4AEF0F48BB8}.Debug|Any CPU.ActiveCfg = Debug|Any CPU
		{EE0B4A0B-B539-406F-A958-F4AEF0F48BB8}.Debug|Any CPU.Build.0 = Debug|Any CPU
		{EE0B4A0B-B539-406F-A958-F4AEF0F48BB8}.Release|Any CPU.ActiveCfg = Release|Any CPU
		{EE0B4A0B-B539-406F-A958-F4AEF0F48BB8}.Release|Any CPU.Build.0 = Release|Any CPU
	EndGlobalSection
	GlobalSection(SolutionProperties) = preSolution
		HideSolutionNode = FALSE
	EndGlobalSection
	GlobalSection(ExtensibilityGlobals) = postSolution
		SolutionGuid = {1945C0F6-7638-4035-B3E8-2FE086B137C6}
	EndGlobalSection
EndGlobal
